{
  "name": "crac",
  "lockfileVersion": 3,
  "requires": true,
  "packages": {
    "": {
      "dependencies": {
        "@vercel/edge": "^1.3.3",
        "isbot": "^5.2.1"
      }
    },
    "node_modules/@vercel/edge": {
      "version": "1.3.3",
      "resolved": "https://registry.npmmirror.com/@vercel/edge/-/edge-1.3.3.tgz",
      "integrity": "sha512-B4zu4g81nI1JHoOqc2FnXmh1DUpAJlZKPQsZck6iLp23kQ/zZF4ma6+Wejn8p9bKB6WPTbYPqEYrRXx4yl0qaw==",
      "license": "Apache-2.0"
    },
    "node_modules/isbot": {
      "version": "5.2.1",
      "resolved": "https://registry.npmmirror.com/isbot/-/isbot-5.2.1.tgz",
      "integrity": "sha512-dJ+LpKyClQZ7NG+j3OensC/mAZkGpukE9YUrgPYvAZj2doVL0edfDgywTUh5CXa0o+nW9a1V9e5+CJTX8+SxRw==",
      "license": "Unlicense",
      "engines": {
        "node": ">=18"
      }
    }
  }
}
